
Microsoft Visual Studio Solution File, Format Version 12.00
# Visual Studio Version 16
VisualStudioVersion = 16.0.32126.315
MinimumVisualStudioVersion = 10.0.40219.1
Project("{FAE04EC0-301F-11D3-BF4B-00C04F79EFBC}") = "SQ7Test", "SQ7Test\SQ7Test.csproj", "{FE3FCB79-5ABB-4037-B6B6-78E2AC3465BA}"
EndProject
Global
	GlobalSection(SolutionConfigurationPlatforms) = preSolution
		Debug|Any CPU = Debug|Any CPU
		Release|Any CPU = Release|Any CPU
	EndGlobalSection
	GlobalSection(ProjectConfigurationPlatforms) = postSolution
		{FE3FCB79-5ABB-4037-B6B6-78E2AC3465BA}.Debug|Any CPU.ActiveCfg = Debug|Any CPU
		{FE3FCB79-5ABB-4037-B6B6-78E2AC3465BA}.Debug|Any CPU.Build.0 = Debug|Any CPU
		{FE3FCB79-5ABB-4037-B6B6-78E2AC3465BA}.Release|Any CPU.ActiveCfg = Release|Any CPU
		{FE3FCB79-5ABB-4037-B6B6-78E2AC3465BA}.Release|Any CPU.Build.0 = Release|Any CPU
	EndGlobalSection
	GlobalSection(SolutionProperties) = preSolution
		HideSolutionNode = FALSE
	EndGlobalSection
	GlobalSection(ExtensibilityGlobals) = postSolution
		SolutionGuid = {8AC15E21-0017-4C36-A2F2-44343958DF49}
	EndGlobalSection
EndGlobal
